// !$*UTF8*$!
{
	archiveVersion = 1;
	classes = {
	};
	objectVersion = 50;
	objects = {

/* Begin PBXBuildFile section */
		674D3DAA1F9DC4C9D433A84D /* Pods_TestRxSwift.framework in Frameworks */ = {isa = PBXBuildFile; fileRef = E0D37467D2DE4EC36456C1A3 /* Pods_TestRxSwift.framework */; };
		FA6491AD21A6976500D8046C /* AppDelegate.swift in Sources */ = {isa = PBXBuildFile; fileRef = FA6491AC21A6976500D8046C /* AppDelegate.swift */; };
		FA6491AF21A6976500D8046C /* ViewController.swift in Sources */ = {isa = PBXBuildFile; fileRef = FA6491AE21A6976500D8046C /* ViewController.swift */; };
		FA6491B221A6976500D8046C /* Main.storyboard in Resources */ = {isa = PBXBuildFile; fileRef = FA6491B021A6976500D8046C /* Main.storyboard */; };
		FA6491B421A6976700D8046C /* Assets.xcassets in Resources */ = {isa = PBXBuildFile; fileRef = FA6491B321A6976700D8046C /* Assets.xcassets */; };
		FA6491B721A6976700D8046C /* LaunchScreen.storyboard in Resources */ = {isa = PBXBuildFile; fileRef = FA6491B521A6976700D8046C /* LaunchScreen.storyboard */; };
		FA6491BF21A7D96500D8046C /* AddNumbersViewController.swift in Sources */ = {isa = PBXBuildFile; fileRef = FA6491BE21A7D96500D8046C /* AddNumbersViewController.swift */; };
		FA6491C121A7F24E00D8046C /* SimpleValidViewController.swift in Sources */ = {isa = PBXBuildFile; fileRef = FA6491C021A7F24E00D8046C /* SimpleValidViewController.swift */; };
/* End PBXBuildFile section */

/* Begin PBXFileReference section */
		6536E85F5EB5D091B11E90CC /* Pods-TestRxSwift.debug.xcconfig */ = {isa = PBXFileReference; includeInIndex = 1; lastKnownFileType = text.xcconfig; name = "Pods-TestRxSwift.debug.xcconfig"; path = "Pods/Target Support Files/Pods-TestRxSwift/Pods-TestRxSwift.debug.xcconfig"; sourceTree = "<group>"; };
		8E04478FD6941B0CE8999996 /* Pods-TestRxSwift.release.xcconfig */ = {isa = PBXFileReference; includeInIndex = 1; lastKnownFileType = text.xcconfig; name = "Pods-TestRxSwift.release.xcconfig"; path = "Pods/Target Support Files/Pods-TestRxSwift/Pods-TestRxSwift.release.xcconfig"; sourceTree = "<group>"; };
		E0D37467D2DE4EC36456C1A3 /* Pods_TestRxSwift.framework */ = {isa = PBXFileReference; explicitFileType = wrapper.framework; includeInIndex = 0; path = Pods_TestRxSwift.framework; sourceTree = BUILT_PRODUCTS_DIR; };
		FA6491A921A6976500D8046C /* TestRxSwift.app */ = {isa = PBXFileReference; explicitFileType = wrapper.application; includeInIndex = 0; path = TestRxSwift.app; sourceTree = BUILT_PRODUCTS_DIR; };
		FA6491AC21A6976500D8046C /* AppDelegate.swift */ = {isa = PBXFileReference; lastKnownFileType = sourcecode.swift; path = AppDelegate.swift; sourceTree = "<group>"; };
		FA6491AE21A6976500D8046C /* ViewController.swift */ = {isa = PBXFileReference; lastKnownFileType = sourcecode.swift; path = ViewController.swift; sourceTree = "<group>"; };
		FA6491B121A6976500D8046C /* Base */ = {isa = PBXFileReference; lastKnownFileType = file.storyboard; name = Base; path = Base.lproj/Main.storyboard; sourceTree = "<group>"; };
		FA6491B321A6976700D8046C /* Assets.xcassets */ = {isa = PBXFileReference; lastKnownFileType = folder.assetcatalog; path = Assets.xcassets; sourceTree = "<group>"; };
		FA6491B621A6976700D8046C /* Base */ = {isa = PBXFileReference; lastKnownFileType = file.storyboard; name = Base; path = Base.lproj/LaunchScreen.storyboard; sourceTree = "<group>"; };
		FA6491B821A6976700D8046C /* Info.plist */ = {isa = PBXFileReference; lastKnownFileType = text.plist.xml; path = Info.plist; sourceTree = "<group>"; };
		FA6491BE21A7D96500D8046C /* AddNumbersViewController.swift */ = {isa = PBXFileReference; lastKnownFileType = sourcecode.swift; path = AddNumbersViewController.swift; sourceTree = "<group>"; };
		FA6491C021A7F24E00D8046C /* SimpleValidViewController.swift */ = {isa = PBXFileReference; lastKnownFileType = sourcecode.swift; path = SimpleValidViewController.swift; sourceTree = "<group>"; };
/* End PBXFileReference section */

/* Begin PBXFrameworksBuildPhase section */
		FA6491A621A6976500D8046C /* Frameworks */ = {
			isa = PBXFrameworksBuildPhase;
			buildActionMask = 2147483647;
			files = (
				674D3DAA1F9DC4C9D433A84D /* Pods_TestRxSwift.framework in Frameworks */,
			);
			runOnlyForDeploymentPostprocessing = 0;
		};
/* End PBXFrameworksBuildPhase section */

/* Begin PBXGroup section */
		6F14AF7EA098434089259D9F /* Frameworks */ = {
			isa = PBXGroup;
			children = (
				E0D37467D2DE4EC36456C1A3 /* Pods_TestRxSwift.framework */,
			);
			name = Frameworks;
			sourceTree = "<group>";
		};
		F9E7D676B92D4A6B99A64857 /* Pods */ = {
			isa = PBXGroup;
			children = (
				6536E85F5EB5D091B11E90CC /* Pods-TestRxSwift.debug.xcconfig */,
				8E04478FD6941B0CE8999996 /* Pods-TestRxSwift.release.xcconfig */,
			);
			name = Pods;
			sourceTree = "<group>";
		};
		FA6491A021A6976500D8046C = {
			isa = PBXGroup;
			children = (
				FA6491AB21A6976500D8046C /* TestRxSwift */,
				FA6491AA21A6976500D8046C /* Products */,
				F9E7D676B92D4A6B99A64857 /* Pods */,
				6F14AF7EA098434089259D9F /* Frameworks */,
			);
			sourceTree = "<group>";
		};
		FA6491AA21A6976500D8046C /* Products */ = {
			isa = PBXGroup;
			children = (
				FA6491A921A6976500D8046C /* TestRxSwift.app */,
			);
			name = Products;
			sourceTree = "<group>";
		};
		FA6491AB21A6976500D8046C /* TestRxSwift */ = {
			isa = PBXGroup;
			children = (
				FA6491AC21A6976500D8046C /* AppDelegate.swift */,
				FA6491AE21A6976500D8046C /* ViewController.swift */,
				FA6491B021A6976500D8046C /* Main.storyboard */,
				FA6491B321A6976700D8046C /* Assets.xcassets */,
				FA6491B521A6976700D8046C /* LaunchScreen.storyboard */,
				FA6491B821A6976700D8046C /* Info.plist */,
				FA6491BE21A7D96500D8046C /* AddNumbersViewController.swift */,
				FA6491C021A7F24E00D8046C /* SimpleValidViewController.swift */,
			);
			path = TestRxSwift;
			sourceTree = "<group>";
		};
/* End PBXGroup section */

/* Begin PBXNativeTarget section */
		FA6491A821A6976500D8046C /* TestRxSwift */ = {
			isa = PBXNativeTarget;
			buildConfigurationList = FA6491BB21A6976700D8046C /* Build configuration list for PBXNativeTarget "TestRxSwift" */;
			buildPhases = (
				8D27692E02494D336181A74F /* [CP] Check Pods Manifest.lock */,
				FA6491A521A6976500D8046C /* Sources */,
				FA6491A621A6976500D8046C /* Frameworks */,
				FA6491A721A6976500D8046C /* Resources */,
				56BE962B3391DD3BF746D0E9 /* [CP] Embed Pods Frameworks */,
			);
			buildRules = (
			);
			dependencies = (
			);
			name = TestRxSwift;
			productName = TestRxSwift;
			productReference = FA6491A921A6976500D8046C /* TestRxSwift.app */;
			productType = "com.apple.product-type.application";
		};
/* End PBXNativeTarget section */

/* Begin PBXProject section */
		FA6491A121A6976500D8046C /* Project object */ = {
			isa = PBXProject;
			attributes = {
				LastSwiftUpdateCheck = 1010;
				LastUpgradeCheck = 1010;
				ORGANIZATIONNAME = HSG;
				TargetAttributes = {
					FA6491A821A6976500D8046C = {
						CreatedOnToolsVersion = 10.1;
					};
				};
			};
			buildConfigurationList = FA6491A421A6976500D8046C /* Build configuration list for PBXProject "TestRxSwift" */;
			compatibilityVersion = "Xcode 9.3";
			developmentRegion = en;
			hasScannedForEncodings = 0;
			knownRegions = (
				en,
				Base,
			);
			mainGroup = FA6491A021A6976500D8046C;
			productRefGroup = FA6491AA21A6976500D8046C /* Products */;
			projectDirPath = "";
			projectRoot = "";
			targets = (
				FA6491A821A6976500D8046C /* TestRxSwift */,
			);
		};
/* End PBXProject section */

/* Begin PBXResourcesBuildPhase section */
		FA6491A721A6976500D8046C /* Resources */ = {
			isa = PBXResourcesBuildPhase;
			buildActionMask = 2147483647;
			files = (
				FA6491B721A6976700D8046C /* LaunchScreen.storyboard in Resources */,
				FA6491B421A6976700D8046C /* Assets.xcassets in Resources */,
				FA6491B221A6976500D8046C /* Main.storyboard in Resources */,
			);
			runOnlyForDeploymentPostprocessing = 0;
		};
/* End PBXResourcesBuildPhase section */

/* Begin PBXShellScriptBuildPhase section */
		56BE962B3391DD3BF746D0E9 /* [CP] Embed Pods Frameworks */ = {
			isa = PBXShellScriptBuildPhase;
			buildActionMask = 2147483647;
			files = (
			);
			inputPaths = (
				"${SRCROOT}/Pods/Target Support Files/Pods-TestRxSwift/Pods-TestRxSwift-frameworks.sh",
				"${BUILT_PRODUCTS_DIR}/NSObject+Rx/NSObject_Rx.framework",
				"${BUILT_PRODUCTS_DIR}/RxAtomic/RxAtomic.framework",
				"${BUILT_PRODUCTS_DIR}/RxCocoa/RxCocoa.framework",
				"${BUILT_PRODUCTS_DIR}/RxSwift/RxSwift.framework",
			);
			name = "[CP] Embed Pods Frameworks";
			outputPaths = (
				"${TARGET_BUILD_DIR}/${FRAMEWORKS_FOLDER_PATH}/NSObject_Rx.framework",
				"${TARGET_BUILD_DIR}/${FRAMEWORKS_FOLDER_PATH}/RxAtomic.framework",
				"${TARGET_BUILD_DIR}/${FRAMEWORKS_FOLDER_PATH}/RxCocoa.framework",
				"${TARGET_BUILD_DIR}/${FRAMEWORKS_FOLDER_PATH}/RxSwift.framework",
			);
			runOnlyForDeploymentPostprocessing = 0;
			shellPath = /bin/sh;
			shellScript = "\"${SRCROOT}/Pods/Target Support Files/Pods-TestRxSwift/Pods-TestRxSwift-frameworks.sh\"\n";
			showEnvVarsInLog = 0;
		};
		8D27692E02494D336181A74F /* [CP] Check Pods Manifest.lock */ = {
			isa = PBXShellScriptBuildPhase;
			buildActionMask = 2147483647;
			files = (
			);
			inputPaths = (
				"${PODS_PODFILE_DIR_PATH}/Podfile.lock",
				"${PODS_ROOT}/Manifest.lock",
			);
			name = "[CP] Check Pods Manifest.lock";
			outputPaths = (
				"$(DERIVED_FILE_DIR)/Pods-TestRxSwift-checkManifestLockResult.txt",
			);
			runOnlyForDeploymentPostprocessing = 0;
			shellPath = /bin/sh;
			shellScript = "diff \"${PODS_PODFILE_DIR_PATH}/Podfile.lock\" \"${PODS_ROOT}/Manifest.lock\" > /dev/null\nif [ $? != 0 ] ; then\n    # print error to STDERR\n    echo \"error: The sandbox is not in sync with the Podfile.lock. Run 'pod install' or update your CocoaPods installation.\" >&2\n    exit 1\nfi\n# This output is used by Xcode 'outputs' to avoid re-running this script phase.\necho \"SUCCESS\" > \"${SCRIPT_OUTPUT_FILE_0}\"\n";
			showEnvVarsInLog = 0;
		};
/* End PBXShellScriptBuildPhase section */

/* Begin PBXSourcesBuildPhase section */
		FA6491A521A6976500D8046C /* Sources */ = {
			isa = PBXSourcesBuildPhase;
			buildActionMask = 2147483647;
			files = (
				FA6491AF21A6976500D8046C /* ViewController.swift in Sources */,
				FA6491BF21A7D96500D8046C /* AddNumbersViewController.swift in Sources */,
				FA6491AD21A6976500D8046C /* AppDelegate.swift in Sources */,
				FA6491C121A7F24E00D8046C /* SimpleValidViewController.swift in Sources */,
			);
			runOnlyForDeploymentPostprocessing = 0;
		};
/* End PBXSourcesBuildPhase section */

/* Begin PBXVariantGroup section */
		FA6491B021A6976500D8046C /* Main.storyboard */ = {
			isa = PBXVariantGroup;
			children = (
				FA6491B121A6976500D8046C /* Base */,
			);
			name = Main.storyboard;
			sourceTree = "<group>";
		};
		FA6491B521A6976700D8046C /* LaunchScreen.storyboard */ = {
			isa = PBXVariantGroup;
			children = (
				FA6491B621A6976700D8046C /* Base */,
			);
			name = LaunchScreen.storyboard;
			sourceTree = "<group>";
		};
/* End PBXVariantGroup section */

/* Begin XCBuildConfiguration section */
		FA6491B921A6976700D8046C /* Debug */ = {
			isa = XCBuildConfiguration;
			buildSettings = {
				ALWAYS_SEARCH_USER_PATHS = NO;
				CLANG_ANALYZER_NONNULL = YES;
				CLANG_ANALYZER_NUMBER_OBJECT_CONVERSION = YES_AGGRESSIVE;
				CLANG_CXX_LANGUAGE_STANDARD = "gnu++14";
				CLANG_CXX_LIBRARY = "libc++";
				CLANG_ENABLE_MODULES = YES;
				CLANG_ENABLE_OBJC_ARC = YES;
				CLANG_ENABLE_OBJC_WEAK = YES;
				CLANG_WARN_BLOCK_CAPTURE_AUTORELEASING = YES;
				CLANG_WARN_BOOL_CONVERSION = YES;
				CLANG_WARN_COMMA = YES;
				CLANG_WARN_CONSTANT_CONVERSION = YES;
				CLANG_WARN_DEPRECATED_OBJC_IMPLEMENTATIONS = YES;
				CLANG_WARN_DIRECT_OBJC_ISA_USAGE = YES_ERROR;
				CLANG_WARN_DOCUMENTATION_COMMENTS = YES;
				CLANG_WARN_EMPTY_BODY = YES;
				CLANG_WARN_ENUM_CONVERSION = YES;
				CLANG_WARN_INFINITE_RECURSION = YES;
				CLANG_WARN_INT_CONVERSION = YES;
				CLANG_WARN_NON_LITERAL_NULL_CONVERSION = YES;
				CLANG_WARN_OBJC_IMPLICIT_RETAIN_SELF = YES;
				CLANG_WARN_OBJC_LITERAL_CONVERSION = YES;
				CLANG_WARN_OBJC_ROOT_CLASS = YES_ERROR;
				CLANG_WARN_RANGE_LOOP_ANALYSIS = YES;
				CLANG_WARN_STRICT_PROTOTYPES = YES;
				CLANG_WARN_SUSPICIOUS_MOVE = YES;
				CLANG_WARN_UNGUARDED_AVAILABILITY = YES_AGGRESSIVE;
				CLANG_WARN_UNREACHABLE_CODE = YES;
				CLANG_WARN__DUPLICATE_METHOD_MATCH = YES;
				CODE_SIGN_IDENTITY = "iPhone Developer";
				COPY_PHASE_STRIP = NO;
				DEBUG_INFORMATION_FORMAT = dwarf;
				ENABLE_STRICT_OBJC_MSGSEND = YES;
				ENABLE_TESTABILITY = YES;
				GCC_C_LANGUAGE_STANDARD = gnu11;
				GCC_DYNAMIC_NO_PIC = NO;
				GCC_NO_COMMON_BLOCKS = YES;
				GCC_OPTIMIZATION_LEVEL = 0;
				GCC_PREPROCESSOR_DEFINITIONS = (
					"DEBUG=1",
					"$(inherited)",
				);
				GCC_WARN_64_TO_32_BIT_CONVERSION = YES;
				GCC_WARN_ABOUT_RETURN_TYPE = YES_ERROR;
				GCC_WARN_UNDECLARED_SELECTOR = YES;
				GCC_WARN_UNINITIALIZED_AUTOS = YES_AGGRESSIVE;
				GCC_WARN_UNUSED_FUNCTION = YES;
				GCC_WARN_UNUSED_VARIABLE = YES;
				IPHONEOS_DEPLOYMENT_TARGET = 12.1;
				MTL_ENABLE_DEBUG_INFO = INCLUDE_SOURCE;
				MTL_FAST_MATH = YES;
				ONLY_ACTIVE_ARCH = YES;
				SDKROOT = iphoneos;
				SWIFT_ACTIVE_COMPILATION_CONDITIONS = DEBUG;
				SWIFT_OPTIMIZATION_LEVEL = "-Onone";
			};
			name = Debug;
		};
		FA6491BA21A6976700D8046C /* Release */ = {
			isa = XCBuildConfiguration;
			buildSettings = {
				ALWAYS_SEARCH_USER_PATHS = NO;
				CLANG_ANALYZER_NONNULL = YES;
				CLANG_ANALYZER_NUMBER_OBJECT_CONVERSION = YES_AGGRESSIVE;
				CLANG_CXX_LANGUAGE_STANDARD = "gnu++14";
				CLANG_CXX_LIBRARY = "libc++";
				CLANG_ENABLE_MODULES = YES;
				CLANG_ENABLE_OBJC_ARC = YES;
				CLANG_ENABLE_OBJC_WEAK = YES;
				CLANG_WARN_BLOCK_CAPTURE_AUTORELEASING = YES;
				CLANG_WARN_BOOL_CONVERSION = YES;
				CLANG_WARN_COMMA = YES;
				CLANG_WARN_CONSTANT_CONVERSION = YES;
				CLANG_WARN_DEPRECATED_OBJC_IMPLEMENTATIONS = YES;
				CLANG_WARN_DIRECT_OBJC_ISA_USAGE = YES_ERROR;
				CLANG_WARN_DOCUMENTATION_COMMENTS = YES;
				CLANG_WARN_EMPTY_BODY = YES;
				CLANG_WARN_ENUM_CONVERSION = YES;
				CLANG_WARN_INFINITE_RECURSION = YES;
				CLANG_WARN_INT_CONVERSION = YES;
				CLANG_WARN_NON_LITERAL_NULL_CONVERSION = YES;
				CLANG_WARN_OBJC_IMPLICIT_RETAIN_SELF = YES;
				CLANG_WARN_OBJC_LITERAL_CONVERSION = YES;
				CLANG_WARN_OBJC_ROOT_CLASS = YES_ERROR;
				CLANG_WARN_RANGE_LOOP_ANALYSIS = YES;
				CLANG_WARN_STRICT_PROTOTYPES = YES;
				CLANG_WARN_SUSPICIOUS_MOVE = YES;
				CLANG_WARN_UNGUARDED_AVAILABILITY = YES_AGGRESSIVE;
				CLANG_WARN_UNREACHABLE_CODE = YES;
				CLANG_WARN__DUPLICATE_METHOD_MATCH = YES;
				CODE_SIGN_IDENTITY = "iPhone Developer";
				COPY_PHASE_STRIP = NO;
				DEBUG_INFORMATION_FORMAT = "dwarf-with-dsym";
				ENABLE_NS_ASSERTIONS = NO;
				ENABLE_STRICT_OBJC_MSGSEND = YES;
				GCC_C_LANGUAGE_STANDARD = gnu11;
				GCC_NO_COMMON_BLOCKS = YES;
				GCC_WARN_64_TO_32_BIT_CONVERSION = YES;
				GCC_WARN_ABOUT_RETURN_TYPE = YES_ERROR;
				GCC_WARN_UNDECLARED_SELECTOR = YES;
				GCC_WARN_UNINITIALIZED_AUTOS = YES_AGGRESSIVE;
				GCC_WARN_UNUSED_FUNCTION = YES;
				GCC_WARN_UNUSED_VARIABLE = YES;
				IPHONEOS_DEPLOYMENT_TARGET = 12.1;
				MTL_ENABLE_DEBUG_INFO = NO;
				MTL_FAST_MATH = YES;
				SDKROOT = iphoneos;
				SWIFT_COMPILATION_MODE = wholemodule;
				SWIFT_OPTIMIZATION_LEVEL = "-O";
				VALIDATE_PRODUCT = YES;
			};
			name = Release;
		};
		FA6491BC21A6976700D8046C /* Debug */ = {
			isa = XCBuildConfiguration;
			baseConfigurationReference = 6536E85F5EB5D091B11E90CC /* Pods-TestRxSwift.debug.xcconfig */;
			buildSettings = {
				ASSETCATALOG_COMPILER_APPICON_NAME = AppIcon;
				CODE_SIGN_STYLE = Automatic;
				DEVELOPMENT_TEAM = FR3SC3EULN;
				INFOPLIST_FILE = TestRxSwift/Info.plist;
				LD_RUNPATH_SEARCH_PATHS = (
					"$(inherited)",
					"@executable_path/Frameworks",
				);
				PRODUCT_BUNDLE_IDENTIFIER = com.uuabc.TestRxSwift;
				PRODUCT_NAME = "$(TARGET_NAME)";
				SWIFT_VERSION = 4.2;
				TARGETED_DEVICE_FAMILY = "1,2";
			};
			name = Debug;
		};
		FA6491BD21A6976700D8046C /* Release */ = {
			isa = XCBuildConfiguration;
			baseConfigurationReference = 8E04478FD6941B0CE8999996 /* Pods-TestRxSwift.release.xcconfig */;
			buildSettings = {
				ASSETCATALOG_COMPILER_APPICON_NAME = AppIcon;
				CODE_SIGN_STYLE = Automatic;
				DEVELOPMENT_TEAM = FR3SC3EULN;
				INFOPLIST_FILE = TestRxSwift/Info.plist;
				LD_RUNPATH_SEARCH_PATHS = (
					"$(inherited)",
					"@executable_path/Frameworks",
				);
				PRODUCT_BUNDLE_IDENTIFIER = com.uuabc.TestRxSwift;
				PRODUCT_NAME = "$(TARGET_NAME)";
				SWIFT_VERSION = 4.2;
				TARGETED_DEVICE_FAMILY = "1,2";
			};
			name = Release;
		};
/* End XCBuildConfiguration section */

/* Begin XCConfigurationList section */
		FA6491A421A6976500D8046C /* Build configuration list for PBXProject "TestRxSwift" */ = {
			isa = XCConfigurationList;
			buildConfigurations = (
				FA6491B921A6976700D8046C /* Debug */,
				FA6491BA21A6976700D8046C /* Release */,
			);
			defaultConfigurationIsVisible = 0;
			defaultConfigurationName = Release;
		};
		FA6491BB21A6976700D8046C /* Build configuration list for PBXNativeTarget "TestRxSwift" */ = {
			isa = XCConfigurationList;
			buildConfigurations = (
				FA6491BC21A6976700D8046C /* Debug */,
				FA6491BD21A6976700D8046C /* Release */,
			);
			defaultConfigurationIsVisible = 0;
			defaultConfigurationName = Release;
		};
/* End XCConfigurationList section */
	};
	rootObject = FA6491A121A6976500D8046C /* Project object */;
}
